
Microsoft Visual Studio Solution File, Format Version 12.00
# Visual Studio Version 17
VisualStudioVersion = 17.8.34525.116
MinimumVisualStudioVersion = 10.0.40219.1
Project("{FAE04EC0-301F-11D3-BF4B-00C04F79EFBC}") = "BulkyWeb", "BulkyWeb\BulkyWeb.csproj", "{566A789B-75F0-41DB-93CE-E2468E513393}"
EndProject
Project("{FAE04EC0-301F-11D3-BF4B-00C04F79EFBC}") = "Bulky.DataAccess", "Bulky.DataAccess\Bulky.DataAccess.csproj", "{011644D1-E1A1-4950-9776-9427F08C61AD}"
EndProject
Project("{FAE04EC0-301F-11D3-BF4B-00C04F79EFBC}") = "Bulky.Models", "Bulky.Models\Bulky.Models.csproj", "{2C04CF09-447F-48F2-896E-69AF5F48C4D2}"
EndProject
Project("{FAE04EC0-301F-11D3-BF4B-00C04F79EFBC}") = "Bulky.Utility", "Bulky.Utility\Bulky.Utility.csproj", "{09D5129C-7312-46F4-972A-FD31136C6F38}"
EndProject
Project("{FAE04EC0-301F-11D3-BF4B-00C04F79EFBC}") = "Bulky.Migrations.SqlServer", "Bulky.Migrations.SqlServer\Bulky.Migrations.SqlServer.csproj", "{979ACAF1-CE45-44B9-B06F-A5C9C3735640}"
EndProject
Project("{FAE04EC0-301F-11D3-BF4B-00C04F79EFBC}") = "Bulky.Migrations.MariaDb", "Bulky.Migrations.MariaDb\Bulky.Migrations.MariaDb.csproj", "{6862BE79-4B01-4E60-B21F-0EEA3E4B01CE}"
EndProject
Global
	GlobalSection(SolutionConfigurationPlatforms) = preSolution
		Debug|Any CPU = Debug|Any CPU
		Debug|x64 = Debug|x64
		Debug|x86 = Debug|x86
		Release|Any CPU = Release|Any CPU
		Release|x64 = Release|x64
		Release|x86 = Release|x86
	EndGlobalSection
	GlobalSection(ProjectConfigurationPlatforms) = postSolution
		{566A789B-75F0-41DB-93CE-E2468E513393}.Debug|Any CPU.ActiveCfg = Debug|Any CPU
		{566A789B-75F0-41DB-93CE-E2468E513393}.Debug|Any CPU.Build.0 = Debug|Any CPU
		{566A789B-75F0-41DB-93CE-E2468E513393}.Debug|x64.ActiveCfg = Debug|Any CPU
		{566A789B-75F0-41DB-93CE-E2468E513393}.Debug|x64.Build.0 = Debug|Any CPU
		{566A789B-75F0-41DB-93CE-E2468E513393}.Debug|x86.ActiveCfg = Debug|Any CPU
		{566A789B-75F0-41DB-93CE-E2468E513393}.Debug|x86.Build.0 = Debug|Any CPU
		{566A789B-75F0-41DB-93CE-E2468E513393}.Release|Any CPU.ActiveCfg = Release|Any CPU
		{566A789B-75F0-41DB-93CE-E2468E513393}.Release|Any CPU.Build.0 = Release|Any CPU
		{566A789B-75F0-41DB-93CE-E2468E513393}.Release|x64.ActiveCfg = Release|Any CPU
		{566A789B-75F0-41DB-93CE-E2468E513393}.Release|x64.Build.0 = Release|Any CPU
		{566A789B-75F0-41DB-93CE-E2468E513393}.Release|x86.ActiveCfg = Release|Any CPU
		{566A789B-75F0-41DB-93CE-E2468E513393}.Release|x86.Build.0 = Release|Any CPU
		{011644D1-E1A1-4950-9776-9427F08C61AD}.Debug|Any CPU.ActiveCfg = Debug|Any CPU
		{011644D1-E1A1-4950-9776-9427F08C61AD}.Debug|Any CPU.Build.0 = Debug|Any CPU
		{011644D1-E1A1-4950-9776-9427F08C61AD}.Debug|x64.ActiveCfg = Debug|Any CPU
		{011644D1-E1A1-4950-9776-9427F08C61AD}.Debug|x64.Build.0 = Debug|Any CPU
		{011644D1-E1A1-4950-9776-9427F08C61AD}.Debug|x86.ActiveCfg = Debug|Any CPU
		{011644D1-E1A1-4950-9776-9427F08C61AD}.Debug|x86.Build.0 = Debug|Any CPU
		{011644D1-E1A1-4950-9776-9427F08C61AD}.Release|Any CPU.ActiveCfg = Release|Any CPU
		{011644D1-E1A1-4950-9776-9427F08C61AD}.Release|Any CPU.Build.0 = Release|Any CPU
		{011644D1-E1A1-4950-9776-9427F08C61AD}.Release|x64.ActiveCfg = Release|Any CPU
		{011644D1-E1A1-4950-9776-9427F08C61AD}.Release|x64.Build.0 = Release|Any CPU
		{011644D1-E1A1-4950-9776-9427F08C61AD}.Release|x86.ActiveCfg = Release|Any CPU
		{011644D1-E1A1-4950-9776-9427F08C61AD}.Release|x86.Build.0 = Release|Any CPU
		{2C04CF09-447F-48F2-896E-69AF5F48C4D2}.Debug|Any CPU.ActiveCfg = Debug|Any CPU
		{2C04CF09-447F-48F2-896E-69AF5F48C4D2}.Debug|Any CPU.Build.0 = Debug|Any CPU
		{2C04CF09-447F-48F2-896E-69AF5F48C4D2}.Debug|x64.ActiveCfg = Debug|Any CPU
		{2C04CF09-447F-48F2-896E-69AF5F48C4D2}.Debug|x64.Build.0 = Debug|Any CPU
		{2C04CF09-447F-48F2-896E-69AF5F48C4D2}.Debug|x86.ActiveCfg = Debug|Any CPU
		{2C04CF09-447F-48F2-896E-69AF5F48C4D2}.Debug|x86.Build.0 = Debug|Any CPU
		{2C04CF09-447F-48F2-896E-69AF5F48C4D2}.Release|Any CPU.ActiveCfg = Release|Any CPU
		{2C04CF09-447F-48F2-896E-69AF5F48C4D2}.Release|Any CPU.Build.0 = Release|Any CPU
		{2C04CF09-447F-48F2-896E-69AF5F48C4D2}.Release|x64.ActiveCfg = Release|Any CPU
		{2C04CF09-447F-48F2-896E-69AF5F48C4D2}.Release|x64.Build.0 = Release|Any CPU
		{2C04CF09-447F-48F2-896E-69AF5F48C4D2}.Release|x86.ActiveCfg = Release|Any CPU
		{2C04CF09-447F-48F2-896E-69AF5F48C4D2}.Release|x86.Build.0 = Release|Any CPU
		{09D5129C-7312-46F4-972A-FD31136C6F38}.Debug|Any CPU.ActiveCfg = Debug|Any CPU
		{09D5129C-7312-46F4-972A-FD31136C6F38}.Debug|Any CPU.Build.0 = Debug|Any CPU
		{09D5129C-7312-46F4-972A-FD31136C6F38}.Debug|x64.ActiveCfg = Debug|Any CPU
		{09D5129C-7312-46F4-972A-FD31136C6F38}.Debug|x64.Build.0 = Debug|Any CPU
		{09D5129C-7312-46F4-972A-FD31136C6F38}.Debug|x86.ActiveCfg = Debug|Any CPU
		{09D5129C-7312-46F4-972A-FD31136C6F38}.Debug|x86.Build.0 = Debug|Any CPU
		{09D5129C-7312-46F4-972A-FD31136C6F38}.Release|Any CPU.ActiveCfg = Release|Any CPU
		{09D5129C-7312-46F4-972A-FD31136C6F38}.Release|Any CPU.Build.0 = Release|Any CPU
		{09D5129C-7312-46F4-972A-FD31136C6F38}.Release|x64.ActiveCfg = Release|Any CPU
		{09D5129C-7312-46F4-972A-FD31136C6F38}.Release|x64.Build.0 = Release|Any CPU
		{09D5129C-7312-46F4-972A-FD31136C6F38}.Release|x86.ActiveCfg = Release|Any CPU
		{09D5129C-7312-46F4-972A-FD31136C6F38}.Release|x86.Build.0 = Release|Any CPU
		{979ACAF1-CE45-44B9-B06F-A5C9C3735640}.Debug|Any CPU.ActiveCfg = Debug|Any CPU
		{979ACAF1-CE45-44B9-B06F-A5C9C3735640}.Debug|Any CPU.Build.0 = Debug|Any CPU
		{979ACAF1-CE45-44B9-B06F-A5C9C3735640}.Debug|x64.ActiveCfg = Debug|Any CPU
		{979ACAF1-CE45-44B9-B06F-A5C9C3735640}.Debug|x64.Build.0 = Debug|Any CPU
		{979ACAF1-CE45-44B9-B06F-A5C9C3735640}.Debug|x86.ActiveCfg = Debug|Any CPU
		{979ACAF1-CE45-44B9-B06F-A5C9C3735640}.Debug|x86.Build.0 = Debug|Any CPU
		{979ACAF1-CE45-44B9-B06F-A5C9C3735640}.Release|Any CPU.ActiveCfg = Release|Any CPU
		{979ACAF1-CE45-44B9-B06F-A5C9C3735640}.Release|Any CPU.Build.0 = Release|Any CPU
		{979ACAF1-CE45-44B9-B06F-A5C9C3735640}.Release|x64.ActiveCfg = Release|Any CPU
		{979ACAF1-CE45-44B9-B06F-A5C9C3735640}.Release|x64.Build.0 = Release|Any CPU
		{979ACAF1-CE45-44B9-B06F-A5C9C3735640}.Release|x86.ActiveCfg = Release|Any CPU
		{979ACAF1-CE45-44B9-B06F-A5C9C3735640}.Release|x86.Build.0 = Release|Any CPU
		{6862BE79-4B01-4E60-B21F-0EEA3E4B01CE}.Debug|Any CPU.ActiveCfg = Debug|Any CPU
		{6862BE79-4B01-4E60-B21F-0EEA3E4B01CE}.Debug|Any CPU.Build.0 = Debug|Any CPU
		{6862BE79-4B01-4E60-B21F-0EEA3E4B01CE}.Debug|x64.ActiveCfg = Debug|Any CPU
		{6862BE79-4B01-4E60-B21F-0EEA3E4B01CE}.Debug|x64.Build.0 = Debug|Any CPU
		{6862BE79-4B01-4E60-B21F-0EEA3E4B01CE}.Debug|x86.ActiveCfg = Debug|Any CPU
		{6862BE79-4B01-4E60-B21F-0EEA3E4B01CE}.Debug|x86.Build.0 = Debug|Any CPU
		{6862BE79-4B01-4E60-B21F-0EEA3E4B01CE}.Release|Any CPU.ActiveCfg = Release|Any CPU
		{6862BE79-4B01-4E60-B21F-0EEA3E4B01CE}.Release|Any CPU.Build.0 = Release|Any CPU
		{6862BE79-4B01-4E60-B21F-0EEA3E4B01CE}.Release|x64.ActiveCfg = Release|Any CPU
		{6862BE79-4B01-4E60-B21F-0EEA3E4B01CE}.Release|x64.Build.0 = Release|Any CPU
		{6862BE79-4B01-4E60-B21F-0EEA3E4B01CE}.Release|x86.ActiveCfg = Release|Any CPU
		{6862BE79-4B01-4E60-B21F-0EEA3E4B01CE}.Release|x86.Build.0 = Release|Any CPU
	EndGlobalSection
	GlobalSection(SolutionProperties) = preSolution
		HideSolutionNode = FALSE
	EndGlobalSection
	GlobalSection(ExtensibilityGlobals) = postSolution
		SolutionGuid = {887B7874-8165-44F3-B6CD-E1ACC2740D74}
	EndGlobalSection
EndGlobal
